
Microsoft Visual Studio Solution File, Format Version 11.00
# Visual Studio 2010
Project("{FAE04EC0-301F-11D3-BF4B-00C04F79EFBC}") = "WPFLocalization", "WPFLocalization\WPFLocalization.csproj", "{447B98DC-3053-488B-8BB0-21BDC4F27456}"
EndProject
Project("{FAE04EC0-301F-11D3-BF4B-00C04F79EFBC}") = "MVVMDiversity.Common", "MVVMDiversity.Interface\MVVMDiversity.Common.csproj", "{0C7DA1CC-6977-45AC-8595-F538E41EE8B1}"
EndProject
Project("{FAE04EC0-301F-11D3-BF4B-00C04F79EFBC}") = "MVVMDiversity.Model", "MVVMDiversity.Model\MVVMDiversity.Model.csproj", "{CB102033-AC1A-44CD-AEBB-DB207CB18713}"
EndProject
Project("{FAE04EC0-301F-11D3-BF4B-00C04F79EFBC}") = "MVVMDiversity.Services", "MVVMDiversity.Services\MVVMDiversity.Services.csproj", "{CDF824C7-6901-45FF-8826-068A12E914C6}"
EndProject
Project("{FAE04EC0-301F-11D3-BF4B-00C04F79EFBC}") = "MVVMDiversity.DesignServices", "MVVMDiversity.DesignServices\MVVMDiversity.DesignServices.csproj", "{7048D304-DBF5-4BA4-AB6C-773D81A7B5EF}"
EndProject
Project("{FAE04EC0-301F-11D3-BF4B-00C04F79EFBC}") = "MVVMDiversity.ViewModel", "MVVMDiversity.ViewModel\MVVMDiversity.ViewModel.csproj", "{A9F5CE17-8385-44A4-94F9-9EF8DA7A6C97}"
EndProject
Project("{FAE04EC0-301F-11D3-BF4B-00C04F79EFBC}") = "MVVMDiversity.TreeViewModel", "MVVMDiversity.TreeViewModel\MVVMDiversity.TreeViewModel.csproj", "{ADB9CB60-7064-4143-A40A-87C77A3B483A}"
EndProject
Project("{FAE04EC0-301F-11D3-BF4B-00C04F79EFBC}") = "MVVMDiversity.WinFormsTreeView", "MVVMDiversity.WinFormsTreeView\MVVMDiversity.WinFormsTreeView.csproj", "{448A622F-DBB8-454E-8E03-A4E3952FAD5B}"
EndProject
Project("{FAE04EC0-301F-11D3-BF4B-00C04F79EFBC}") = "MVVMDiversity.Test", "MVVMDiversity.Test\MVVMDiversity.Test.csproj", "{9997B26F-DF89-4FC5-9A15-07CA641166E8}"
EndProject
Project("{FAE04EC0-301F-11D3-BF4B-00C04F79EFBC}") = "MVVMDiversity", "MVVMDiversity\MVVMDiversity.csproj", "{8AE5354E-8811-4E9E-BA7E-558970F66CA1}"
EndProject
Project("{FAE04EC0-301F-11D3-BF4B-00C04F79EFBC}") = "ListSynchronization", "ListSynchronizsation\ListSynchronization.csproj", "{16E4FAD9-A68C-4C10-BA60-CCE0AABD9A46}"
EndProject
Global
	GlobalSection(SolutionConfigurationPlatforms) = preSolution
		Debug|Any CPU = Debug|Any CPU
		Debug|x64 = Debug|x64
		Debug|x86 = Debug|x86
		DebugGui|Any CPU = DebugGui|Any CPU
		DebugGui|x64 = DebugGui|x64
		DebugGui|x86 = DebugGui|x86
		Release|Any CPU = Release|Any CPU
		Release|x64 = Release|x64
		Release|x86 = Release|x86
	EndGlobalSection
	GlobalSection(ProjectConfigurationPlatforms) = postSolution
		{447B98DC-3053-488B-8BB0-21BDC4F27456}.Debug|Any CPU.ActiveCfg = Debug|Any CPU
		{447B98DC-3053-488B-8BB0-21BDC4F27456}.Debug|Any CPU.Build.0 = Debug|Any CPU
		{447B98DC-3053-488B-8BB0-21BDC4F27456}.Debug|x64.ActiveCfg = Debug|Any CPU
		{447B98DC-3053-488B-8BB0-21BDC4F27456}.Debug|x86.ActiveCfg = Debug|x86
		{447B98DC-3053-488B-8BB0-21BDC4F27456}.Debug|x86.Build.0 = Debug|x86
		{447B98DC-3053-488B-8BB0-21BDC4F27456}.DebugGui|Any CPU.ActiveCfg = Debug|Any CPU
		{447B98DC-3053-488B-8BB0-21BDC4F27456}.DebugGui|Any CPU.Build.0 = Debug|Any CPU
		{447B98DC-3053-488B-8BB0-21BDC4F27456}.DebugGui|x64.ActiveCfg = Debug|Any CPU
		{447B98DC-3053-488B-8BB0-21BDC4F27456}.DebugGui|x86.ActiveCfg = Debug|x86
		{447B98DC-3053-488B-8BB0-21BDC4F27456}.DebugGui|x86.Build.0 = Debug|x86
		{447B98DC-3053-488B-8BB0-21BDC4F27456}.Release|Any CPU.ActiveCfg = Release|Any CPU
		{447B98DC-3053-488B-8BB0-21BDC4F27456}.Release|Any CPU.Build.0 = Release|Any CPU
		{447B98DC-3053-488B-8BB0-21BDC4F27456}.Release|x64.ActiveCfg = Release|Any CPU
		{447B98DC-3053-488B-8BB0-21BDC4F27456}.Release|x86.ActiveCfg = Release|x86
		{447B98DC-3053-488B-8BB0-21BDC4F27456}.Release|x86.Build.0 = Release|x86
		{0C7DA1CC-6977-45AC-8595-F538E41EE8B1}.Debug|Any CPU.ActiveCfg = Debug|Any CPU
		{0C7DA1CC-6977-45AC-8595-F538E41EE8B1}.Debug|Any CPU.Build.0 = Debug|Any CPU
		{0C7DA1CC-6977-45AC-8595-F538E41EE8B1}.Debug|x64.ActiveCfg = Debug|Any CPU
		{0C7DA1CC-6977-45AC-8595-F538E41EE8B1}.Debug|x86.ActiveCfg = Debug|x86
		{0C7DA1CC-6977-45AC-8595-F538E41EE8B1}.Debug|x86.Build.0 = Debug|x86
		{0C7DA1CC-6977-45AC-8595-F538E41EE8B1}.DebugGui|Any CPU.ActiveCfg = Debug|Any CPU
		{0C7DA1CC-6977-45AC-8595-F538E41EE8B1}.DebugGui|Any CPU.Build.0 = Debug|Any CPU
		{0C7DA1CC-6977-45AC-8595-F538E41EE8B1}.DebugGui|x64.ActiveCfg = Debug|Any CPU
		{0C7DA1CC-6977-45AC-8595-F538E41EE8B1}.DebugGui|x86.ActiveCfg = Debug|x86
		{0C7DA1CC-6977-45AC-8595-F538E41EE8B1}.DebugGui|x86.Build.0 = Debug|x86
		{0C7DA1CC-6977-45AC-8595-F538E41EE8B1}.Release|Any CPU.ActiveCfg = Release|Any CPU
		{0C7DA1CC-6977-45AC-8595-F538E41EE8B1}.Release|Any CPU.Build.0 = Release|Any CPU
		{0C7DA1CC-6977-45AC-8595-F538E41EE8B1}.Release|x64.ActiveCfg = Release|Any CPU
		{0C7DA1CC-6977-45AC-8595-F538E41EE8B1}.Release|x86.ActiveCfg = Release|x86
		{0C7DA1CC-6977-45AC-8595-F538E41EE8B1}.Release|x86.Build.0 = Release|x86
		{CB102033-AC1A-44CD-AEBB-DB207CB18713}.Debug|Any CPU.ActiveCfg = Debug|Any CPU
		{CB102033-AC1A-44CD-AEBB-DB207CB18713}.Debug|Any CPU.Build.0 = Debug|Any CPU
		{CB102033-AC1A-44CD-AEBB-DB207CB18713}.Debug|x64.ActiveCfg = Debug|Any CPU
		{CB102033-AC1A-44CD-AEBB-DB207CB18713}.Debug|x86.ActiveCfg = Debug|x86
		{CB102033-AC1A-44CD-AEBB-DB207CB18713}.Debug|x86.Build.0 = Debug|x86
		{CB102033-AC1A-44CD-AEBB-DB207CB18713}.DebugGui|Any CPU.ActiveCfg = Debug|Any CPU
		{CB102033-AC1A-44CD-AEBB-DB207CB18713}.DebugGui|Any CPU.Build.0 = Debug|Any CPU
		{CB102033-AC1A-44CD-AEBB-DB207CB18713}.DebugGui|x64.ActiveCfg = Debug|Any CPU
		{CB102033-AC1A-44CD-AEBB-DB207CB18713}.DebugGui|x86.ActiveCfg = Debug|x86
		{CB102033-AC1A-44CD-AEBB-DB207CB18713}.DebugGui|x86.Build.0 = Debug|x86
		{CB102033-AC1A-44CD-AEBB-DB207CB18713}.Release|Any CPU.ActiveCfg = Release|Any CPU
		{CB102033-AC1A-44CD-AEBB-DB207CB18713}.Release|Any CPU.Build.0 = Release|Any CPU
		{CB102033-AC1A-44CD-AEBB-DB207CB18713}.Release|x64.ActiveCfg = Release|Any CPU
		{CB102033-AC1A-44CD-AEBB-DB207CB18713}.Release|x86.ActiveCfg = Release|x86
		{CB102033-AC1A-44CD-AEBB-DB207CB18713}.Release|x86.Build.0 = Release|x86
		{CDF824C7-6901-45FF-8826-068A12E914C6}.Debug|Any CPU.ActiveCfg = Debug|Any CPU
		{CDF824C7-6901-45FF-8826-068A12E914C6}.Debug|Any CPU.Build.0 = Debug|Any CPU
		{CDF824C7-6901-45FF-8826-068A12E914C6}.Debug|x64.ActiveCfg = Debug|Any CPU
		{CDF824C7-6901-45FF-8826-068A12E914C6}.Debug|x86.ActiveCfg = Debug|x86
		{CDF824C7-6901-45FF-8826-068A12E914C6}.Debug|x86.Build.0 = Debug|x86
		{CDF824C7-6901-45FF-8826-068A12E914C6}.DebugGui|Any CPU.ActiveCfg = Debug|Any CPU
		{CDF824C7-6901-45FF-8826-068A12E914C6}.DebugGui|Any CPU.Build.0 = Debug|Any CPU
		{CDF824C7-6901-45FF-8826-068A12E914C6}.DebugGui|x64.ActiveCfg = Debug|Any CPU
		{CDF824C7-6901-45FF-8826-068A12E914C6}.DebugGui|x86.ActiveCfg = Debug|x86
		{CDF824C7-6901-45FF-8826-068A12E914C6}.DebugGui|x86.Build.0 = Debug|x86
		{CDF824C7-6901-45FF-8826-068A12E914C6}.Release|Any CPU.ActiveCfg = Release|Any CPU
		{CDF824C7-6901-45FF-8826-068A12E914C6}.Release|Any CPU.Build.0 = Release|Any CPU
		{CDF824C7-6901-45FF-8826-068A12E914C6}.Release|x64.ActiveCfg = Release|Any CPU
		{CDF824C7-6901-45FF-8826-068A12E914C6}.Release|x86.ActiveCfg = Release|x86
		{CDF824C7-6901-45FF-8826-068A12E914C6}.Release|x86.Build.0 = Release|x86
		{7048D304-DBF5-4BA4-AB6C-773D81A7B5EF}.Debug|Any CPU.ActiveCfg = Debug|Any CPU
		{7048D304-DBF5-4BA4-AB6C-773D81A7B5EF}.Debug|Any CPU.Build.0 = Debug|Any CPU
		{7048D304-DBF5-4BA4-AB6C-773D81A7B5EF}.Debug|x64.ActiveCfg = Debug|Any CPU
		{7048D304-DBF5-4BA4-AB6C-773D81A7B5EF}.Debug|x86.ActiveCfg = Debug|x86
		{7048D304-DBF5-4BA4-AB6C-773D81A7B5EF}.Debug|x86.Build.0 = Debug|x86
		{7048D304-DBF5-4BA4-AB6C-773D81A7B5EF}.DebugGui|Any CPU.ActiveCfg = Debug|Any CPU
		{7048D304-DBF5-4BA4-AB6C-773D81A7B5EF}.DebugGui|Any CPU.Build.0 = Debug|Any CPU
		{7048D304-DBF5-4BA4-AB6C-773D81A7B5EF}.DebugGui|x64.ActiveCfg = Debug|Any CPU
		{7048D304-DBF5-4BA4-AB6C-773D81A7B5EF}.DebugGui|x86.ActiveCfg = Debug|x86
		{7048D304-DBF5-4BA4-AB6C-773D81A7B5EF}.DebugGui|x86.Build.0 = Debug|x86
		{7048D304-DBF5-4BA4-AB6C-773D81A7B5EF}.Release|Any CPU.ActiveCfg = Release|Any CPU
		{7048D304-DBF5-4BA4-AB6C-773D81A7B5EF}.Release|Any CPU.Build.0 = Release|Any CPU
		{7048D304-DBF5-4BA4-AB6C-773D81A7B5EF}.Release|x64.ActiveCfg = Release|Any CPU
		{7048D304-DBF5-4BA4-AB6C-773D81A7B5EF}.Release|x86.ActiveCfg = Release|x86
		{7048D304-DBF5-4BA4-AB6C-773D81A7B5EF}.Release|x86.Build.0 = Release|x86
		{A9F5CE17-8385-44A4-94F9-9EF8DA7A6C97}.Debug|Any CPU.ActiveCfg = Debug|Any CPU
		{A9F5CE17-8385-44A4-94F9-9EF8DA7A6C97}.Debug|Any CPU.Build.0 = Debug|Any CPU
		{A9F5CE17-8385-44A4-94F9-9EF8DA7A6C97}.Debug|x64.ActiveCfg = Debug|Any CPU
		{A9F5CE17-8385-44A4-94F9-9EF8DA7A6C97}.Debug|x86.ActiveCfg = Debug|x86
		{A9F5CE17-8385-44A4-94F9-9EF8DA7A6C97}.Debug|x86.Build.0 = Debug|x86
		{A9F5CE17-8385-44A4-94F9-9EF8DA7A6C97}.DebugGui|Any CPU.ActiveCfg = Debug|Any CPU
		{A9F5CE17-8385-44A4-94F9-9EF8DA7A6C97}.DebugGui|Any CPU.Build.0 = Debug|Any CPU
		{A9F5CE17-8385-44A4-94F9-9EF8DA7A6C97}.DebugGui|x64.ActiveCfg = Debug|Any CPU
		{A9F5CE17-8385-44A4-94F9-9EF8DA7A6C97}.DebugGui|x86.ActiveCfg = Debug|x86
		{A9F5CE17-8385-44A4-94F9-9EF8DA7A6C97}.DebugGui|x86.Build.0 = Debug|x86
		{A9F5CE17-8385-44A4-94F9-9EF8DA7A6C97}.Release|Any CPU.ActiveCfg = Release|Any CPU
		{A9F5CE17-8385-44A4-94F9-9EF8DA7A6C97}.Release|Any CPU.Build.0 = Release|Any CPU
		{A9F5CE17-8385-44A4-94F9-9EF8DA7A6C97}.Release|x64.ActiveCfg = Release|Any CPU
		{A9F5CE17-8385-44A4-94F9-9EF8DA7A6C97}.Release|x86.ActiveCfg = Release|x86
		{A9F5CE17-8385-44A4-94F9-9EF8DA7A6C97}.Release|x86.Build.0 = Release|x86
		{ADB9CB60-7064-4143-A40A-87C77A3B483A}.Debug|Any CPU.ActiveCfg = Debug|Any CPU
		{ADB9CB60-7064-4143-A40A-87C77A3B483A}.Debug|Any CPU.Build.0 = Debug|Any CPU
		{ADB9CB60-7064-4143-A40A-87C77A3B483A}.Debug|x64.ActiveCfg = Debug|Any CPU
		{ADB9CB60-7064-4143-A40A-87C77A3B483A}.Debug|x86.ActiveCfg = Debug|x86
		{ADB9CB60-7064-4143-A40A-87C77A3B483A}.Debug|x86.Build.0 = Debug|x86
		{ADB9CB60-7064-4143-A40A-87C77A3B483A}.DebugGui|Any CPU.ActiveCfg = Debug|Any CPU
		{ADB9CB60-7064-4143-A40A-87C77A3B483A}.DebugGui|Any CPU.Build.0 = Debug|Any CPU
		{ADB9CB60-7064-4143-A40A-87C77A3B483A}.DebugGui|x64.ActiveCfg = Debug|Any CPU
		{ADB9CB60-7064-4143-A40A-87C77A3B483A}.DebugGui|x86.ActiveCfg = Debug|x86
		{ADB9CB60-7064-4143-A40A-87C77A3B483A}.DebugGui|x86.Build.0 = Debug|x86
		{ADB9CB60-7064-4143-A40A-87C77A3B483A}.Release|Any CPU.ActiveCfg = Release|Any CPU
		{ADB9CB60-7064-4143-A40A-87C77A3B483A}.Release|Any CPU.Build.0 = Release|Any CPU
		{ADB9CB60-7064-4143-A40A-87C77A3B483A}.Release|x64.ActiveCfg = Release|Any CPU
		{ADB9CB60-7064-4143-A40A-87C77A3B483A}.Release|x86.ActiveCfg = Release|x86
		{ADB9CB60-7064-4143-A40A-87C77A3B483A}.Release|x86.Build.0 = Release|x86
		{448A622F-DBB8-454E-8E03-A4E3952FAD5B}.Debug|Any CPU.ActiveCfg = Debug|Any CPU
		{448A622F-DBB8-454E-8E03-A4E3952FAD5B}.Debug|Any CPU.Build.0 = Debug|Any CPU
		{448A622F-DBB8-454E-8E03-A4E3952FAD5B}.Debug|x64.ActiveCfg = Debug|Any CPU
		{448A622F-DBB8-454E-8E03-A4E3952FAD5B}.Debug|x86.ActiveCfg = Debug|x86
		{448A622F-DBB8-454E-8E03-A4E3952FAD5B}.Debug|x86.Build.0 = Debug|x86
		{448A622F-DBB8-454E-8E03-A4E3952FAD5B}.DebugGui|Any CPU.ActiveCfg = Debug|Any CPU
		{448A622F-DBB8-454E-8E03-A4E3952FAD5B}.DebugGui|Any CPU.Build.0 = Debug|Any CPU
		{448A622F-DBB8-454E-8E03-A4E3952FAD5B}.DebugGui|x64.ActiveCfg = Debug|Any CPU
		{448A622F-DBB8-454E-8E03-A4E3952FAD5B}.DebugGui|x86.ActiveCfg = Debug|x86
		{448A622F-DBB8-454E-8E03-A4E3952FAD5B}.DebugGui|x86.Build.0 = Debug|x86
		{448A622F-DBB8-454E-8E03-A4E3952FAD5B}.Release|Any CPU.ActiveCfg = Release|Any CPU
		{448A622F-DBB8-454E-8E03-A4E3952FAD5B}.Release|Any CPU.Build.0 = Release|Any CPU
		{448A622F-DBB8-454E-8E03-A4E3952FAD5B}.Release|x64.ActiveCfg = Release|Any CPU
		{448A622F-DBB8-454E-8E03-A4E3952FAD5B}.Release|x86.ActiveCfg = Release|x86
		{448A622F-DBB8-454E-8E03-A4E3952FAD5B}.Release|x86.Build.0 = Release|x86
		{9997B26F-DF89-4FC5-9A15-07CA641166E8}.Debug|Any CPU.ActiveCfg = Debug|Any CPU
		{9997B26F-DF89-4FC5-9A15-07CA641166E8}.Debug|Any CPU.Build.0 = Debug|Any CPU
		{9997B26F-DF89-4FC5-9A15-07CA641166E8}.Debug|x64.ActiveCfg = Debug|Any CPU
		{9997B26F-DF89-4FC5-9A15-07CA641166E8}.Debug|x86.ActiveCfg = Debug|x86
		{9997B26F-DF89-4FC5-9A15-07CA641166E8}.Debug|x86.Build.0 = Debug|x86
		{9997B26F-DF89-4FC5-9A15-07CA641166E8}.DebugGui|Any CPU.ActiveCfg = Debug|Any CPU
		{9997B26F-DF89-4FC5-9A15-07CA641166E8}.DebugGui|Any CPU.Build.0 = Debug|Any CPU
		{9997B26F-DF89-4FC5-9A15-07CA641166E8}.DebugGui|x64.ActiveCfg = Debug|Any CPU
		{9997B26F-DF89-4FC5-9A15-07CA641166E8}.DebugGui|x86.ActiveCfg = Debug|x86
		{9997B26F-DF89-4FC5-9A15-07CA641166E8}.DebugGui|x86.Build.0 = Debug|x86
		{9997B26F-DF89-4FC5-9A15-07CA641166E8}.Release|Any CPU.ActiveCfg = Release|Any CPU
		{9997B26F-DF89-4FC5-9A15-07CA641166E8}.Release|Any CPU.Build.0 = Release|Any CPU
		{9997B26F-DF89-4FC5-9A15-07CA641166E8}.Release|x64.ActiveCfg = Release|Any CPU
		{9997B26F-DF89-4FC5-9A15-07CA641166E8}.Release|x86.ActiveCfg = Release|x86
		{9997B26F-DF89-4FC5-9A15-07CA641166E8}.Release|x86.Build.0 = Release|x86
		{8AE5354E-8811-4E9E-BA7E-558970F66CA1}.Debug|Any CPU.ActiveCfg = Debug|Any CPU
		{8AE5354E-8811-4E9E-BA7E-558970F66CA1}.Debug|Any CPU.Build.0 = Debug|Any CPU
		{8AE5354E-8811-4E9E-BA7E-558970F66CA1}.Debug|x64.ActiveCfg = Debug|Any CPU
		{8AE5354E-8811-4E9E-BA7E-558970F66CA1}.Debug|x86.ActiveCfg = Debug|x86
		{8AE5354E-8811-4E9E-BA7E-558970F66CA1}.Debug|x86.Build.0 = Debug|x86
		{8AE5354E-8811-4E9E-BA7E-558970F66CA1}.DebugGui|Any CPU.ActiveCfg = Debug|Any CPU
		{8AE5354E-8811-4E9E-BA7E-558970F66CA1}.DebugGui|Any CPU.Build.0 = Debug|Any CPU
		{8AE5354E-8811-4E9E-BA7E-558970F66CA1}.DebugGui|x64.ActiveCfg = Debug|Any CPU
		{8AE5354E-8811-4E9E-BA7E-558970F66CA1}.DebugGui|x86.ActiveCfg = Debug|x86
		{8AE5354E-8811-4E9E-BA7E-558970F66CA1}.DebugGui|x86.Build.0 = Debug|x86
		{8AE5354E-8811-4E9E-BA7E-558970F66CA1}.Release|Any CPU.ActiveCfg = Release|Any CPU
		{8AE5354E-8811-4E9E-BA7E-558970F66CA1}.Release|Any CPU.Build.0 = Release|Any CPU
		{8AE5354E-8811-4E9E-BA7E-558970F66CA1}.Release|x64.ActiveCfg = Release|Any CPU
		{8AE5354E-8811-4E9E-BA7E-558970F66CA1}.Release|x86.ActiveCfg = Release|x86
		{8AE5354E-8811-4E9E-BA7E-558970F66CA1}.Release|x86.Build.0 = Release|x86
		{16E4FAD9-A68C-4C10-BA60-CCE0AABD9A46}.Debug|Any CPU.ActiveCfg = Debug|Any CPU
		{16E4FAD9-A68C-4C10-BA60-CCE0AABD9A46}.Debug|Any CPU.Build.0 = Debug|Any CPU
		{16E4FAD9-A68C-4C10-BA60-CCE0AABD9A46}.Debug|x64.ActiveCfg = Debug|x64
		{16E4FAD9-A68C-4C10-BA60-CCE0AABD9A46}.Debug|x64.Build.0 = Debug|x64
		{16E4FAD9-A68C-4C10-BA60-CCE0AABD9A46}.Debug|x86.ActiveCfg = Debug|x86
		{16E4FAD9-A68C-4C10-BA60-CCE0AABD9A46}.Debug|x86.Build.0 = Debug|x86
		{16E4FAD9-A68C-4C10-BA60-CCE0AABD9A46}.DebugGui|Any CPU.ActiveCfg = Debug|x64
		{16E4FAD9-A68C-4C10-BA60-CCE0AABD9A46}.DebugGui|x64.ActiveCfg = Debug|x64
		{16E4FAD9-A68C-4C10-BA60-CCE0AABD9A46}.DebugGui|x64.Build.0 = Debug|x64
		{16E4FAD9-A68C-4C10-BA60-CCE0AABD9A46}.DebugGui|x86.ActiveCfg = Debug|x86
		{16E4FAD9-A68C-4C10-BA60-CCE0AABD9A46}.DebugGui|x86.Build.0 = Debug|x86
		{16E4FAD9-A68C-4C10-BA60-CCE0AABD9A46}.Release|Any CPU.ActiveCfg = Release|Any CPU
		{16E4FAD9-A68C-4C10-BA60-CCE0AABD9A46}.Release|Any CPU.Build.0 = Release|Any CPU
		{16E4FAD9-A68C-4C10-BA60-CCE0AABD9A46}.Release|x64.ActiveCfg = Release|x64
		{16E4FAD9-A68C-4C10-BA60-CCE0AABD9A46}.Release|x64.Build.0 = Release|x64
		{16E4FAD9-A68C-4C10-BA60-CCE0AABD9A46}.Release|x86.ActiveCfg = Release|x86
		{16E4FAD9-A68C-4C10-BA60-CCE0AABD9A46}.Release|x86.Build.0 = Release|x86
	EndGlobalSection
	GlobalSection(SolutionProperties) = preSolution
		HideSolutionNode = FALSE
	EndGlobalSection
EndGlobal
